
Microsoft Visual Studio Solution File, Format Version 12.00
# Visual Studio Version 16
VisualStudioVersion = 16.0.31829.152
MinimumVisualStudioVersion = 10.0.40219.1
Project("{FAE04EC0-301F-11D3-BF4B-00C04F79EFBC}") = "Alter", "Alter\Alter.csproj", "{9B2C5805-3667-4DD3-BC12-010E6F701B06}"
EndProject
Global
	GlobalSection(SolutionConfigurationPlatforms) = preSolution
		Debug|Any CPU = Debug|Any CPU
		Release|Any CPU = Release|Any CPU
	EndGlobalSection
	GlobalSection(ProjectConfigurationPlatforms) = postSolution
		{9B2C5805-3667-4DD3-BC12-010E6F701B06}.Debug|Any CPU.ActiveCfg = Debug|Any CPU
		{9B2C5805-3667-4DD3-BC12-010E6F701B06}.Debug|Any CPU.Build.0 = Debug|Any CPU
		{9B2C5805-3667-4DD3-BC12-010E6F701B06}.Release|Any CPU.ActiveCfg = Release|Any CPU
		{9B2C5805-3667-4DD3-BC12-010E6F701B06}.Release|Any CPU.Build.0 = Release|Any CPU
	EndGlobalSection
	GlobalSection(SolutionProperties) = preSolution
		HideSolutionNode = FALSE
	EndGlobalSection
	GlobalSection(ExtensibilityGlobals) = postSolution
		SolutionGuid = {ACA3AD22-90B3-4761-AF94-01BBB4F4E831}
	EndGlobalSection
EndGlobal
