
Microsoft Visual Studio Solution File, Format Version 12.00
# Visual Studio Version 16
VisualStudioVersion = 16.0.31729.503
MinimumVisualStudioVersion = 10.0.40219.1
Project("{FAE04EC0-301F-11D3-BF4B-00C04F79EFBC}") = "Telefonbuch", "Telefonbuch\Telefonbuch.csproj", "{E172E176-0EE3-40CA-8DA7-5D980D77BB8C}"
EndProject
Global
	GlobalSection(SolutionConfigurationPlatforms) = preSolution
		Debug|Any CPU = Debug|Any CPU
		Release|Any CPU = Release|Any CPU
	EndGlobalSection
	GlobalSection(ProjectConfigurationPlatforms) = postSolution
		{E172E176-0EE3-40CA-8DA7-5D980D77BB8C}.Debug|Any CPU.ActiveCfg = Debug|Any CPU
		{E172E176-0EE3-40CA-8DA7-5D980D77BB8C}.Debug|Any CPU.Build.0 = Debug|Any CPU
		{E172E176-0EE3-40CA-8DA7-5D980D77BB8C}.Release|Any CPU.ActiveCfg = Release|Any CPU
		{E172E176-0EE3-40CA-8DA7-5D980D77BB8C}.Release|Any CPU.Build.0 = Release|Any CPU
	EndGlobalSection
	GlobalSection(SolutionProperties) = preSolution
		HideSolutionNode = FALSE
	EndGlobalSection
	GlobalSection(ExtensibilityGlobals) = postSolution
		SolutionGuid = {C228DDAD-EC17-4C2B-8BC5-FB0BB4F44294}
	EndGlobalSection
EndGlobal
